
Microsoft Visual Studio Solution File, Format Version 12.00
# Visual Studio Version 17
VisualStudioVersion = 17.7.34031.279
MinimumVisualStudioVersion = 10.0.40219.1
Project("{FAE04EC0-301F-11D3-BF4B-00C04F79EFBC}") = "ClassLibraryFacultatives", "ClassLibraryFacultatives\ClassLibraryFacultatives.csproj", "{C98B90C3-8AA4-4A35-977A-75A8AEEC70F7}"
EndProject
Project("{FAE04EC0-301F-11D3-BF4B-00C04F79EFBC}") = "NetLab_4", "NetLab_4\NetLab_4.csproj", "{50B710D5-E1F4-4838-A05C-55FC478F6F5E}"
EndProject
Global
	GlobalSection(SolutionConfigurationPlatforms) = preSolution
		Debug|Any CPU = Debug|Any CPU
		Release|Any CPU = Release|Any CPU
	EndGlobalSection
	GlobalSection(ProjectConfigurationPlatforms) = postSolution
		{C98B90C3-8AA4-4A35-977A-75A8AEEC70F7}.Debug|Any CPU.ActiveCfg = Debug|Any CPU
		{C98B90C3-8AA4-4A35-977A-75A8AEEC70F7}.Debug|Any CPU.Build.0 = Debug|Any CPU
		{C98B90C3-8AA4-4A35-977A-75A8AEEC70F7}.Release|Any CPU.ActiveCfg = Release|Any CPU
		{C98B90C3-8AA4-4A35-977A-75A8AEEC70F7}.Release|Any CPU.Build.0 = Release|Any CPU
		{50B710D5-E1F4-4838-A05C-55FC478F6F5E}.Debug|Any CPU.ActiveCfg = Debug|Any CPU
		{50B710D5-E1F4-4838-A05C-55FC478F6F5E}.Debug|Any CPU.Build.0 = Debug|Any CPU
		{50B710D5-E1F4-4838-A05C-55FC478F6F5E}.Release|Any CPU.ActiveCfg = Release|Any CPU
		{50B710D5-E1F4-4838-A05C-55FC478F6F5E}.Release|Any CPU.Build.0 = Release|Any CPU
	EndGlobalSection
	GlobalSection(SolutionProperties) = preSolution
		HideSolutionNode = FALSE
	EndGlobalSection
	GlobalSection(ExtensibilityGlobals) = postSolution
		SolutionGuid = {6B114DC1-AA01-413F-988D-17AC7BF6B36D}
	EndGlobalSection
EndGlobal
